github.com/eycorsican/go-tun2socks v1.16.10-0.20200529125400-d3f8697f6d99 h1:Wp6kXOSByP34wZX+83a7+KfeE9Q3NNAyYdV4y7zgPZ4=
github.com/eycorsican/go-tun2socks v1.16.10-0.20200529125400-d3f8697f6d99/go.mod h1:wgB2BFT8ZaPKyKOQ/5dljMG/YIow+AIXyq4KBwJ5sGQ=
github.com/refraction-networking/utls v0.0.0-20200601200209-ada0bb9b38a0 h1:vIkvetWOJZSADSKCF9MLTsQNW2httdBmYz47dQQteP8=
github.com/refraction-networking/utls v0.0.0-20200601200209-ada0bb9b38a0/go.mod h1:tz9gX959MEFfFN5whTIocCLUG57WiILqtdVxI8c6Wj0=
github.com/songgao/water v0.0.0-20190725173103-fd331bda3f4b h1:+y4hCMc/WKsDbAPsOQZgBSaSZ26uh2afyaWeVg/3s/c=
github.com/songgao/water v0.0.0-20190725173103-fd331bda3f4b/go.mod h1:P5HUIBuIWKbyjl083/loAegFkfbFNx5i2qEP4CNbm7E=
github.com/xtaci/smux v1.5.14 h1:1j+zJYDZRv9FHaWqCJfH5RPizIm0fSzJIFbfVn8zsfg=
github.com/xtaci/smux v1.5.15-0.20200523091831-637399ad4398 h1:1nJafFt4SJPzJ5RbWBP2OUJ7Xcx7pdjyjldEdFrLfKs=
github.com/xtaci/smux v1.5.15-0.20200523091831-637399ad4398/go.mod h1:OMlQbT5vcgl2gb49mFkYo6SMf+zP3rcjcwQz7ZU7IGY=
golang.org/x/crypto v0.0.0-20190308221718-c2843e01d9a2/go.mod h1:djNgcEr1/C05ACkg1iLfiJU5Ep61QUkGW8qpdssI0+w=
golang.org/x/crypto v0.0.0-20200510223506-06a226fb4e37 h1:cg5LA/zNPRzIXIWSCxQW10Rvpy94aQh3LT/ShoCpkHw=
golang.org/x/crypto v0.0.0-20200510223506-06a226fb4e37/go.mod h1:LzIPMQfyMNhhGPhUkYOs5KpL4U8rLKemX1yGLhDgUto=
golang.org/x/net v0.0.0-20190404232315-eb5bcb51f2a3/go.mod h1:t9HGtf8HONx5eT2rtn7q6eTqICYqUVnKs3thJo3Qplg=
golang.org/x/net v0.0.0-20191021144547-ec77196f6094/go.mod h1:z5CRVTTTmAJ677TzLLGU+0bjPO0LkuOLi4/5GtJWs/s=
golang.org/x/net v0.0.0-20200528225125-3c3fba18258b h1:IYiJPiJfzktmDAO1HQiwjMjwjlYKHAL7KzeD544RJPs=
golang.org/x/net v0.0.0-20200528225125-3c3fba18258b/go.mod h1:qpuaurCH72eLCgpAm/N6yyVIVM9cpaDIP3A8BGJEC5A=
golang.org/x/net v0.0.0-20200602114024-627f9648deb9 h1:pNX+40auqi2JqRfOP1akLGtYcn15TUbkhwuCO3foqqM=
golang.org/x/net v0.0.0-20200602114024-627f9648deb9/go.mod h1:qpuaurCH72eLCgpAm/N6yyVIVM9cpaDIP3A8BGJEC5A=
golang.org/x/sys v0.0.0-20190215142949-d0b11bdaac8a/go.mod h1:STP8DvDyc/dI5b8T5hshtkjS+E42TnysNCUPdjciGhY=
golang.org/x/sys v0.0.0-20190412213103-97732733099d/go.mod h1:h1NjWce9XRLGQEsW7wpKNCjG9DtNlClVuFLEZdDNbEs=
golang.org/x/sys v0.0.0-20191026070338-33540a1f6037/go.mod h1:h1NjWce9XRLGQEsW7wpKNCjG9DtNlClVuFLEZdDNbEs=
golang.org/x/sys v0.0.0-20200323222414-85ca7c5b95cd/go.mod h1:h1NjWce9XRLGQEsW7wpKNCjG9DtNlClVuFLEZdDNbEs=
golang.org/x/sys v0.0.0-20200602100848-8d3cce7afc34 h1:u6CI7A++8r4SItZHYe2cWeAEndN4p1p+3Oum/Ft2EzM=
golang.org/x/sys v0.0.0-20200602100848-8d3cce7afc34/go.mod h1:h1NjWce9XRLGQEsW7wpKNCjG9DtNlClVuFLEZdDNbEs=
golang.org/x/text v0.3.0/go.mod h1:NqM8EUOU14njkJ3fqMW+pc6Ldnwhi/IjpwHt7yyuwOQ=
